
Microsoft Visual Studio Solution File, Format Version 12.00
# Visual Studio Version 16
VisualStudioVersion = 16.0.30804.86
MinimumVisualStudioVersion = 15.0.26124.0
Project("{2150E333-8FDC-42A3-9474-1A3956D46DE8}") = "src", "src", "{22BBDB4B-44B0-4F5B-92C9-4B43298C2817}"
EndProject
Project("{2150E333-8FDC-42A3-9474-1A3956D46DE8}") = "ApiGateways", "ApiGateways", "{B58E40F5-814C-4FFE-9660-82144C485144}"
EndProject
Project("{2150E333-8FDC-42A3-9474-1A3956D46DE8}") = "reverse-proxy", "reverse-proxy", "{E203710C-DFBE-40CB-A32C-708E7015C784}"
EndProject
Project("{9A19103F-16F7-4668-BE54-9A1E7A4F7556}") = "Webshopping", "src\ApiGateways\reverse-proxy\src\Webshopping\Webshopping.csproj", "{8FF14586-B341-48A8-B62C-10A0A2770212}"
EndProject
Project("{2150E333-8FDC-42A3-9474-1A3956D46DE8}") = "Services", "Services", "{46256257-8BB5-49BD-9E24-2D5EE8D8952E}"
EndProject
Project("{2150E333-8FDC-42A3-9474-1A3956D46DE8}") = "Identity", "Identity", "{E695E4E8-7733-41D4-9C24-066BC0113AF0}"
EndProject
Project("{9A19103F-16F7-4668-BE54-9A1E7A4F7556}") = "Identity.API", "src\Services\Identity\Identity.API\Identity.API.csproj", "{08AC634C-C6FC-4B41-84B2-C0468FE65DF1}"
EndProject
Project("{2150E333-8FDC-42A3-9474-1A3956D46DE8}") = "Catalog", "Catalog", "{D9BF64FF-E3D6-4A38-B592-681801868A11}"
EndProject
Project("{9A19103F-16F7-4668-BE54-9A1E7A4F7556}") = "Catalog.API", "src\Services\Catalog\Catalog.API\Catalog.API.csproj", "{8D678339-5FD1-407F-AB6A-7E7744AA1E6C}"
EndProject
Project("{2150E333-8FDC-42A3-9474-1A3956D46DE8}") = "BuildingBlocks", "BuildingBlocks", "{DC5B94E8-D516-48F7-BCC1-77665CEADADF}"
EndProject
Project("{2150E333-8FDC-42A3-9474-1A3956D46DE8}") = "EventBus", "EventBus", "{F64AB79C-89CF-441D-B238-8588A894F074}"
EndProject
Project("{9A19103F-16F7-4668-BE54-9A1E7A4F7556}") = "EventBus", "src\BuildingBlocks\EventBus\EventBus\EventBus.csproj", "{27943D1A-8929-49CA-B055-81E31E9DB3BF}"
EndProject
Project("{9A19103F-16F7-4668-BE54-9A1E7A4F7556}") = "EventBusRabbitMQ", "src\BuildingBlocks\EventBus\EventBusRabbitMQ\EventBusRabbitMQ.csproj", "{21DCB810-AC8A-4C0D-9D49-BCF45D330E49}"
EndProject
Project("{2150E333-8FDC-42A3-9474-1A3956D46DE8}") = "Ordering", "Ordering", "{A0339EDB-519D-4C91-A561-4230F4B0B65A}"
EndProject
Project("{9A19103F-16F7-4668-BE54-9A1E7A4F7556}") = "Ordering.BackgroundTasks", "src\Services\Ordering\Ordering.BackgroundTasks\Ordering.BackgroundTasks.csproj", "{92BF1214-BD23-406C-970C-9EF7CB0BDEB3}"
EndProject
Project("{9A19103F-16F7-4668-BE54-9A1E7A4F7556}") = "Ordering.API", "src\Services\Ordering\Ordering.API\Ordering.API.csproj", "{ECCB6D4E-3AAC-429F-BC62-374B29C5D482}"
EndProject
Project("{9A19103F-16F7-4668-BE54-9A1E7A4F7556}") = "Ordering.Domain", "src\Services\Ordering\Ordering.Domain\Ordering.Domain.csproj", "{5CE7C917-9FEB-43FC-8A67-9662A8CBC843}"
EndProject
Project("{9A19103F-16F7-4668-BE54-9A1E7A4F7556}") = "Ordering.Infrastructure", "src\Services\Ordering\Ordering.Infrastructure\Ordering.Infrastructure.csproj", "{0695C47A-017A-4F20-91C2-7B6647E0CF4D}"
EndProject
Project("{9A19103F-16F7-4668-BE54-9A1E7A4F7556}") = "Ordering.SignalrHub", "src\Services\Ordering\Ordering.SignalrHub\Ordering.SignalrHub.csproj", "{9CED8B7A-8D61-473C-894C-33CAF95E0436}"
EndProject
Project("{2150E333-8FDC-42A3-9474-1A3956D46DE8}") = "Server", "Server", "{DC7DFFD6-D762-4A67-B167-7C5BF2706E5C}"
EndProject
Project("{2150E333-8FDC-42A3-9474-1A3956D46DE8}") = "src", "src", "{4AA06579-1573-47E2-9E78-347F43B3C63E}"
EndProject
Project("{9A19103F-16F7-4668-BE54-9A1E7A4F7556}") = "Api", "src\Services\Server\src\Api\Api.csproj", "{217D184A-3C06-444F-96E4-831620BC5B76}"
EndProject
Project("{9A19103F-16F7-4668-BE54-9A1E7A4F7556}") = "Core", "src\Services\Server\src\Core\Core.csproj", "{11672377-9637-434F-A594-84177D18EE7E}"
EndProject
Project("{00D1A9C2-B5F0-4AF3-8072-F6C62B433612}") = "Sql", "src\Services\Server\src\Sql\Sql.sqlproj", "{40AB78A1-5B5A-4010-A978-5374D19040E8}"
EndProject
Project("{9A19103F-16F7-4668-BE54-9A1E7A4F7556}") = "Icons", "src\Services\Server\src\Icons\Icons.csproj", "{7E486E2F-CB48-4E0F-8306-05116000B1D1}"
EndProject
Project("{9A19103F-16F7-4668-BE54-9A1E7A4F7556}") = "Admin", "src\Services\Server\src\Admin\Admin.csproj", "{83A43E89-EC54-4637-8722-C5BB308605DC}"
EndProject
Project("{2150E333-8FDC-42A3-9474-1A3956D46DE8}") = "Sign", "Sign", "{B15ED0DF-17F6-4A6E-A406-65DA351261D3}"
EndProject
Project("{2150E333-8FDC-42A3-9474-1A3956D46DE8}") = "src", "src", "{AB2C180D-9871-471D-ABB9-E661CC0199CF}"
EndProject
Project("{9A19103F-16F7-4668-BE54-9A1E7A4F7556}") = "SignService", "src\Services\Sign\src\SignService\SignService.csproj", "{455CCEE5-BDF5-4D0A-8A16-301CF0E4D6FB}"
EndProject
Project("{2150E333-8FDC-42A3-9474-1A3956D46DE8}") = "GrandNode", "GrandNode", "{4636476E-A71C-4A21-BD94-658A25647F50}"
EndProject
Project("{2150E333-8FDC-42A3-9474-1A3956D46DE8}") = "Libraries", "Libraries", "{16ECF975-0BB0-41FA-A1A3-EF92659EE46A}"
EndProject
Project("{FAE04EC0-301F-11D3-BF4B-00C04F79EFBC}") = "Grand.Core", "src\GrandNode\Grand.Core\Grand.Core.csproj", "{DC7888C4-C204-4EDA-AF01-2B2EAA32BFB9}"
EndProject
Project("{FAE04EC0-301F-11D3-BF4B-00C04F79EFBC}") = "Grand.Domain", "src\GrandNode\Grand.Domain\Grand.Domain.csproj", "{8F17B736-F4E8-45E9-BD4E-4E0FFEDD4AE8}"
EndProject
Global
	GlobalSection(SolutionConfigurationPlatforms) = preSolution
		Debug|Any CPU = Debug|Any CPU
		Debug|x64 = Debug|x64
		Debug|x86 = Debug|x86
		Release|Any CPU = Release|Any CPU
		Release|x64 = Release|x64
		Release|x86 = Release|x86
	EndGlobalSection
	GlobalSection(ProjectConfigurationPlatforms) = postSolution
		{8FF14586-B341-48A8-B62C-10A0A2770212}.Debug|Any CPU.ActiveCfg = Debug|Any CPU
		{8FF14586-B341-48A8-B62C-10A0A2770212}.Debug|Any CPU.Build.0 = Debug|Any CPU
		{8FF14586-B341-48A8-B62C-10A0A2770212}.Debug|x64.ActiveCfg = Debug|Any CPU
		{8FF14586-B341-48A8-B62C-10A0A2770212}.Debug|x64.Build.0 = Debug|Any CPU
		{8FF14586-B341-48A8-B62C-10A0A2770212}.Debug|x86.ActiveCfg = Debug|Any CPU
		{8FF14586-B341-48A8-B62C-10A0A2770212}.Debug|x86.Build.0 = Debug|Any CPU
		{8FF14586-B341-48A8-B62C-10A0A2770212}.Release|Any CPU.ActiveCfg = Release|Any CPU
		{8FF14586-B341-48A8-B62C-10A0A2770212}.Release|Any CPU.Build.0 = Release|Any CPU
		{8FF14586-B341-48A8-B62C-10A0A2770212}.Release|x64.ActiveCfg = Release|Any CPU
		{8FF14586-B341-48A8-B62C-10A0A2770212}.Release|x64.Build.0 = Release|Any CPU
		{8FF14586-B341-48A8-B62C-10A0A2770212}.Release|x86.ActiveCfg = Release|Any CPU
		{8FF14586-B341-48A8-B62C-10A0A2770212}.Release|x86.Build.0 = Release|Any CPU
		{08AC634C-C6FC-4B41-84B2-C0468FE65DF1}.Debug|Any CPU.ActiveCfg = Debug|Any CPU
		{08AC634C-C6FC-4B41-84B2-C0468FE65DF1}.Debug|Any CPU.Build.0 = Debug|Any CPU
		{08AC634C-C6FC-4B41-84B2-C0468FE65DF1}.Debug|x64.ActiveCfg = Debug|Any CPU
		{08AC634C-C6FC-4B41-84B2-C0468FE65DF1}.Debug|x64.Build.0 = Debug|Any CPU
		{08AC634C-C6FC-4B41-84B2-C0468FE65DF1}.Debug|x86.ActiveCfg = Debug|Any CPU
		{08AC634C-C6FC-4B41-84B2-C0468FE65DF1}.Debug|x86.Build.0 = Debug|Any CPU
		{08AC634C-C6FC-4B41-84B2-C0468FE65DF1}.Release|Any CPU.ActiveCfg = Release|Any CPU
		{08AC634C-C6FC-4B41-84B2-C0468FE65DF1}.Release|Any CPU.Build.0 = Release|Any CPU
		{08AC634C-C6FC-4B41-84B2-C0468FE65DF1}.Release|x64.ActiveCfg = Release|Any CPU
		{08AC634C-C6FC-4B41-84B2-C0468FE65DF1}.Release|x64.Build.0 = Release|Any CPU
		{08AC634C-C6FC-4B41-84B2-C0468FE65DF1}.Release|x86.ActiveCfg = Release|Any CPU
		{08AC634C-C6FC-4B41-84B2-C0468FE65DF1}.Release|x86.Build.0 = Release|Any CPU
		{8D678339-5FD1-407F-AB6A-7E7744AA1E6C}.Debug|Any CPU.ActiveCfg = Debug|Any CPU
		{8D678339-5FD1-407F-AB6A-7E7744AA1E6C}.Debug|Any CPU.Build.0 = Debug|Any CPU
		{8D678339-5FD1-407F-AB6A-7E7744AA1E6C}.Debug|x64.ActiveCfg = Debug|Any CPU
		{8D678339-5FD1-407F-AB6A-7E7744AA1E6C}.Debug|x64.Build.0 = Debug|Any CPU
		{8D678339-5FD1-407F-AB6A-7E7744AA1E6C}.Debug|x86.ActiveCfg = Debug|Any CPU
		{8D678339-5FD1-407F-AB6A-7E7744AA1E6C}.Debug|x86.Build.0 = Debug|Any CPU
		{8D678339-5FD1-407F-AB6A-7E7744AA1E6C}.Release|Any CPU.ActiveCfg = Release|Any CPU
		{8D678339-5FD1-407F-AB6A-7E7744AA1E6C}.Release|Any CPU.Build.0 = Release|Any CPU
		{8D678339-5FD1-407F-AB6A-7E7744AA1E6C}.Release|x64.ActiveCfg = Release|Any CPU
		{8D678339-5FD1-407F-AB6A-7E7744AA1E6C}.Release|x64.Build.0 = Release|Any CPU
		{8D678339-5FD1-407F-AB6A-7E7744AA1E6C}.Release|x86.ActiveCfg = Release|Any CPU
		{8D678339-5FD1-407F-AB6A-7E7744AA1E6C}.Release|x86.Build.0 = Release|Any CPU
		{27943D1A-8929-49CA-B055-81E31E9DB3BF}.Debug|Any CPU.ActiveCfg = Debug|Any CPU
		{27943D1A-8929-49CA-B055-81E31E9DB3BF}.Debug|Any CPU.Build.0 = Debug|Any CPU
		{27943D1A-8929-49CA-B055-81E31E9DB3BF}.Debug|x64.ActiveCfg = Debug|Any CPU
		{27943D1A-8929-49CA-B055-81E31E9DB3BF}.Debug|x64.Build.0 = Debug|Any CPU
		{27943D1A-8929-49CA-B055-81E31E9DB3BF}.Debug|x86.ActiveCfg = Debug|Any CPU
		{27943D1A-8929-49CA-B055-81E31E9DB3BF}.Debug|x86.Build.0 = Debug|Any CPU
		{27943D1A-8929-49CA-B055-81E31E9DB3BF}.Release|Any CPU.ActiveCfg = Release|Any CPU
		{27943D1A-8929-49CA-B055-81E31E9DB3BF}.Release|Any CPU.Build.0 = Release|Any CPU
		{27943D1A-8929-49CA-B055-81E31E9DB3BF}.Release|x64.ActiveCfg = Release|Any CPU
		{27943D1A-8929-49CA-B055-81E31E9DB3BF}.Release|x64.Build.0 = Release|Any CPU
		{27943D1A-8929-49CA-B055-81E31E9DB3BF}.Release|x86.ActiveCfg = Release|Any CPU
		{27943D1A-8929-49CA-B055-81E31E9DB3BF}.Release|x86.Build.0 = Release|Any CPU
		{21DCB810-AC8A-4C0D-9D49-BCF45D330E49}.Debug|Any CPU.ActiveCfg = Debug|Any CPU
		{21DCB810-AC8A-4C0D-9D49-BCF45D330E49}.Debug|Any CPU.Build.0 = Debug|Any CPU
		{21DCB810-AC8A-4C0D-9D49-BCF45D330E49}.Debug|x64.ActiveCfg = Debug|Any CPU
		{21DCB810-AC8A-4C0D-9D49-BCF45D330E49}.Debug|x64.Build.0 = Debug|Any CPU
		{21DCB810-AC8A-4C0D-9D49-BCF45D330E49}.Debug|x86.ActiveCfg = Debug|Any CPU
		{21DCB810-AC8A-4C0D-9D49-BCF45D330E49}.Debug|x86.Build.0 = Debug|Any CPU
		{21DCB810-AC8A-4C0D-9D49-BCF45D330E49}.Release|Any CPU.ActiveCfg = Release|Any CPU
		{21DCB810-AC8A-4C0D-9D49-BCF45D330E49}.Release|Any CPU.Build.0 = Release|Any CPU
		{21DCB810-AC8A-4C0D-9D49-BCF45D330E49}.Release|x64.ActiveCfg = Release|Any CPU
		{21DCB810-AC8A-4C0D-9D49-BCF45D330E49}.Release|x64.Build.0 = Release|Any CPU
		{21DCB810-AC8A-4C0D-9D49-BCF45D330E49}.Release|x86.ActiveCfg = Release|Any CPU
		{21DCB810-AC8A-4C0D-9D49-BCF45D330E49}.Release|x86.Build.0 = Release|Any CPU
		{92BF1214-BD23-406C-970C-9EF7CB0BDEB3}.Debug|Any CPU.ActiveCfg = Debug|Any CPU
		{92BF1214-BD23-406C-970C-9EF7CB0BDEB3}.Debug|Any CPU.Build.0 = Debug|Any CPU
		{92BF1214-BD23-406C-970C-9EF7CB0BDEB3}.Debug|x64.ActiveCfg = Debug|Any CPU
		{92BF1214-BD23-406C-970C-9EF7CB0BDEB3}.Debug|x64.Build.0 = Debug|Any CPU
		{92BF1214-BD23-406C-970C-9EF7CB0BDEB3}.Debug|x86.ActiveCfg = Debug|Any CPU
		{92BF1214-BD23-406C-970C-9EF7CB0BDEB3}.Debug|x86.Build.0 = Debug|Any CPU
		{92BF1214-BD23-406C-970C-9EF7CB0BDEB3}.Release|Any CPU.ActiveCfg = Release|Any CPU
		{92BF1214-BD23-406C-970C-9EF7CB0BDEB3}.Release|Any CPU.Build.0 = Release|Any CPU
		{92BF1214-BD23-406C-970C-9EF7CB0BDEB3}.Release|x64.ActiveCfg = Release|Any CPU
		{92BF1214-BD23-406C-970C-9EF7CB0BDEB3}.Release|x64.Build.0 = Release|Any CPU
		{92BF1214-BD23-406C-970C-9EF7CB0BDEB3}.Release|x86.ActiveCfg = Release|Any CPU
		{92BF1214-BD23-406C-970C-9EF7CB0BDEB3}.Release|x86.Build.0 = Release|Any CPU
		{ECCB6D4E-3AAC-429F-BC62-374B29C5D482}.Debug|Any CPU.ActiveCfg = Debug|Any CPU
		{ECCB6D4E-3AAC-429F-BC62-374B29C5D482}.Debug|Any CPU.Build.0 = Debug|Any CPU
		{ECCB6D4E-3AAC-429F-BC62-374B29C5D482}.Debug|x64.ActiveCfg = Debug|Any CPU
		{ECCB6D4E-3AAC-429F-BC62-374B29C5D482}.Debug|x64.Build.0 = Debug|Any CPU
		{ECCB6D4E-3AAC-429F-BC62-374B29C5D482}.Debug|x86.ActiveCfg = Debug|Any CPU
		{ECCB6D4E-3AAC-429F-BC62-374B29C5D482}.Debug|x86.Build.0 = Debug|Any CPU
		{ECCB6D4E-3AAC-429F-BC62-374B29C5D482}.Release|Any CPU.ActiveCfg = Release|Any CPU
		{ECCB6D4E-3AAC-429F-BC62-374B29C5D482}.Release|Any CPU.Build.0 = Release|Any CPU
		{ECCB6D4E-3AAC-429F-BC62-374B29C5D482}.Release|x64.ActiveCfg = Release|Any CPU
		{ECCB6D4E-3AAC-429F-BC62-374B29C5D482}.Release|x64.Build.0 = Release|Any CPU
		{ECCB6D4E-3AAC-429F-BC62-374B29C5D482}.Release|x86.ActiveCfg = Release|Any CPU
		{ECCB6D4E-3AAC-429F-BC62-374B29C5D482}.Release|x86.Build.0 = Release|Any CPU
		{5CE7C917-9FEB-43FC-8A67-9662A8CBC843}.Debug|Any CPU.ActiveCfg = Debug|Any CPU
		{5CE7C917-9FEB-43FC-8A67-9662A8CBC843}.Debug|Any CPU.Build.0 = Debug|Any CPU
		{5CE7C917-9FEB-43FC-8A67-9662A8CBC843}.Debug|x64.ActiveCfg = Debug|Any CPU
		{5CE7C917-9FEB-43FC-8A67-9662A8CBC843}.Debug|x64.Build.0 = Debug|Any CPU
		{5CE7C917-9FEB-43FC-8A67-9662A8CBC843}.Debug|x86.ActiveCfg = Debug|Any CPU
		{5CE7C917-9FEB-43FC-8A67-9662A8CBC843}.Debug|x86.Build.0 = Debug|Any CPU
		{5CE7C917-9FEB-43FC-8A67-9662A8CBC843}.Release|Any CPU.ActiveCfg = Release|Any CPU
		{5CE7C917-9FEB-43FC-8A67-9662A8CBC843}.Release|Any CPU.Build.0 = Release|Any CPU
		{5CE7C917-9FEB-43FC-8A67-9662A8CBC843}.Release|x64.ActiveCfg = Release|Any CPU
		{5CE7C917-9FEB-43FC-8A67-9662A8CBC843}.Release|x64.Build.0 = Release|Any CPU
		{5CE7C917-9FEB-43FC-8A67-9662A8CBC843}.Release|x86.ActiveCfg = Release|Any CPU
		{5CE7C917-9FEB-43FC-8A67-9662A8CBC843}.Release|x86.Build.0 = Release|Any CPU
		{0695C47A-017A-4F20-91C2-7B6647E0CF4D}.Debug|Any CPU.ActiveCfg = Debug|Any CPU
		{0695C47A-017A-4F20-91C2-7B6647E0CF4D}.Debug|Any CPU.Build.0 = Debug|Any CPU
		{0695C47A-017A-4F20-91C2-7B6647E0CF4D}.Debug|x64.ActiveCfg = Debug|Any CPU
		{0695C47A-017A-4F20-91C2-7B6647E0CF4D}.Debug|x64.Build.0 = Debug|Any CPU
		{0695C47A-017A-4F20-91C2-7B6647E0CF4D}.Debug|x86.ActiveCfg = Debug|Any CPU
		{0695C47A-017A-4F20-91C2-7B6647E0CF4D}.Debug|x86.Build.0 = Debug|Any CPU
		{0695C47A-017A-4F20-91C2-7B6647E0CF4D}.Release|Any CPU.ActiveCfg = Release|Any CPU
		{0695C47A-017A-4F20-91C2-7B6647E0CF4D}.Release|Any CPU.Build.0 = Release|Any CPU
		{0695C47A-017A-4F20-91C2-7B6647E0CF4D}.Release|x64.ActiveCfg = Release|Any CPU
		{0695C47A-017A-4F20-91C2-7B6647E0CF4D}.Release|x64.Build.0 = Release|Any CPU
		{0695C47A-017A-4F20-91C2-7B6647E0CF4D}.Release|x86.ActiveCfg = Release|Any CPU
		{0695C47A-017A-4F20-91C2-7B6647E0CF4D}.Release|x86.Build.0 = Release|Any CPU
		{9CED8B7A-8D61-473C-894C-33CAF95E0436}.Debug|Any CPU.ActiveCfg = Debug|Any CPU
		{9CED8B7A-8D61-473C-894C-33CAF95E0436}.Debug|Any CPU.Build.0 = Debug|Any CPU
		{9CED8B7A-8D61-473C-894C-33CAF95E0436}.Debug|x64.ActiveCfg = Debug|Any CPU
		{9CED8B7A-8D61-473C-894C-33CAF95E0436}.Debug|x64.Build.0 = Debug|Any CPU
		{9CED8B7A-8D61-473C-894C-33CAF95E0436}.Debug|x86.ActiveCfg = Debug|Any CPU
		{9CED8B7A-8D61-473C-894C-33CAF95E0436}.Debug|x86.Build.0 = Debug|Any CPU
		{9CED8B7A-8D61-473C-894C-33CAF95E0436}.Release|Any CPU.ActiveCfg = Release|Any CPU
		{9CED8B7A-8D61-473C-894C-33CAF95E0436}.Release|Any CPU.Build.0 = Release|Any CPU
		{9CED8B7A-8D61-473C-894C-33CAF95E0436}.Release|x64.ActiveCfg = Release|Any CPU
		{9CED8B7A-8D61-473C-894C-33CAF95E0436}.Release|x64.Build.0 = Release|Any CPU
		{9CED8B7A-8D61-473C-894C-33CAF95E0436}.Release|x86.ActiveCfg = Release|Any CPU
		{9CED8B7A-8D61-473C-894C-33CAF95E0436}.Release|x86.Build.0 = Release|Any CPU
		{217D184A-3C06-444F-96E4-831620BC5B76}.Debug|Any CPU.ActiveCfg = Debug|Any CPU
		{217D184A-3C06-444F-96E4-831620BC5B76}.Debug|Any CPU.Build.0 = Debug|Any CPU
		{217D184A-3C06-444F-96E4-831620BC5B76}.Debug|x64.ActiveCfg = Debug|Any CPU
		{217D184A-3C06-444F-96E4-831620BC5B76}.Debug|x64.Build.0 = Debug|Any CPU
		{217D184A-3C06-444F-96E4-831620BC5B76}.Debug|x86.ActiveCfg = Debug|Any CPU
		{217D184A-3C06-444F-96E4-831620BC5B76}.Debug|x86.Build.0 = Debug|Any CPU
		{217D184A-3C06-444F-96E4-831620BC5B76}.Release|Any CPU.ActiveCfg = Release|Any CPU
		{217D184A-3C06-444F-96E4-831620BC5B76}.Release|Any CPU.Build.0 = Release|Any CPU
		{217D184A-3C06-444F-96E4-831620BC5B76}.Release|x64.ActiveCfg = Release|Any CPU
		{217D184A-3C06-444F-96E4-831620BC5B76}.Release|x64.Build.0 = Release|Any CPU
		{217D184A-3C06-444F-96E4-831620BC5B76}.Release|x86.ActiveCfg = Release|Any CPU
		{217D184A-3C06-444F-96E4-831620BC5B76}.Release|x86.Build.0 = Release|Any CPU
		{11672377-9637-434F-A594-84177D18EE7E}.Debug|Any CPU.ActiveCfg = Debug|Any CPU
		{11672377-9637-434F-A594-84177D18EE7E}.Debug|Any CPU.Build.0 = Debug|Any CPU
		{11672377-9637-434F-A594-84177D18EE7E}.Debug|x64.ActiveCfg = Debug|Any CPU
		{11672377-9637-434F-A594-84177D18EE7E}.Debug|x64.Build.0 = Debug|Any CPU
		{11672377-9637-434F-A594-84177D18EE7E}.Debug|x86.ActiveCfg = Debug|Any CPU
		{11672377-9637-434F-A594-84177D18EE7E}.Debug|x86.Build.0 = Debug|Any CPU
		{11672377-9637-434F-A594-84177D18EE7E}.Release|Any CPU.ActiveCfg = Release|Any CPU
		{11672377-9637-434F-A594-84177D18EE7E}.Release|Any CPU.Build.0 = Release|Any CPU
		{11672377-9637-434F-A594-84177D18EE7E}.Release|x64.ActiveCfg = Release|Any CPU
		{11672377-9637-434F-A594-84177D18EE7E}.Release|x64.Build.0 = Release|Any CPU
		{11672377-9637-434F-A594-84177D18EE7E}.Release|x86.ActiveCfg = Release|Any CPU
		{11672377-9637-434F-A594-84177D18EE7E}.Release|x86.Build.0 = Release|Any CPU
		{40AB78A1-5B5A-4010-A978-5374D19040E8}.Debug|Any CPU.ActiveCfg = Debug|Any CPU
		{40AB78A1-5B5A-4010-A978-5374D19040E8}.Debug|Any CPU.Build.0 = Debug|Any CPU
		{40AB78A1-5B5A-4010-A978-5374D19040E8}.Debug|Any CPU.Deploy.0 = Debug|Any CPU
		{40AB78A1-5B5A-4010-A978-5374D19040E8}.Debug|x64.ActiveCfg = Debug|Any CPU
		{40AB78A1-5B5A-4010-A978-5374D19040E8}.Debug|x64.Build.0 = Debug|Any CPU
		{40AB78A1-5B5A-4010-A978-5374D19040E8}.Debug|x64.Deploy.0 = Debug|Any CPU
		{40AB78A1-5B5A-4010-A978-5374D19040E8}.Debug|x86.ActiveCfg = Debug|Any CPU
		{40AB78A1-5B5A-4010-A978-5374D19040E8}.Debug|x86.Build.0 = Debug|Any CPU
		{40AB78A1-5B5A-4010-A978-5374D19040E8}.Debug|x86.Deploy.0 = Debug|Any CPU
		{40AB78A1-5B5A-4010-A978-5374D19040E8}.Release|Any CPU.ActiveCfg = Release|Any CPU
		{40AB78A1-5B5A-4010-A978-5374D19040E8}.Release|Any CPU.Build.0 = Release|Any CPU
		{40AB78A1-5B5A-4010-A978-5374D19040E8}.Release|Any CPU.Deploy.0 = Release|Any CPU
		{40AB78A1-5B5A-4010-A978-5374D19040E8}.Release|x64.ActiveCfg = Release|Any CPU
		{40AB78A1-5B5A-4010-A978-5374D19040E8}.Release|x64.Build.0 = Release|Any CPU
		{40AB78A1-5B5A-4010-A978-5374D19040E8}.Release|x64.Deploy.0 = Release|Any CPU
		{40AB78A1-5B5A-4010-A978-5374D19040E8}.Release|x86.ActiveCfg = Release|Any CPU
		{40AB78A1-5B5A-4010-A978-5374D19040E8}.Release|x86.Build.0 = Release|Any CPU
		{40AB78A1-5B5A-4010-A978-5374D19040E8}.Release|x86.Deploy.0 = Release|Any CPU
		{7E486E2F-CB48-4E0F-8306-05116000B1D1}.Debug|Any CPU.ActiveCfg = Debug|Any CPU
		{7E486E2F-CB48-4E0F-8306-05116000B1D1}.Debug|Any CPU.Build.0 = Debug|Any CPU
		{7E486E2F-CB48-4E0F-8306-05116000B1D1}.Debug|x64.ActiveCfg = Debug|Any CPU
		{7E486E2F-CB48-4E0F-8306-05116000B1D1}.Debug|x64.Build.0 = Debug|Any CPU
		{7E486E2F-CB48-4E0F-8306-05116000B1D1}.Debug|x86.ActiveCfg = Debug|Any CPU
		{7E486E2F-CB48-4E0F-8306-05116000B1D1}.Debug|x86.Build.0 = Debug|Any CPU
		{7E486E2F-CB48-4E0F-8306-05116000B1D1}.Release|Any CPU.ActiveCfg = Release|Any CPU
		{7E486E2F-CB48-4E0F-8306-05116000B1D1}.Release|Any CPU.Build.0 = Release|Any CPU
		{7E486E2F-CB48-4E0F-8306-05116000B1D1}.Release|x64.ActiveCfg = Release|Any CPU
		{7E486E2F-CB48-4E0F-8306-05116000B1D1}.Release|x64.Build.0 = Release|Any CPU
		{7E486E2F-CB48-4E0F-8306-05116000B1D1}.Release|x86.ActiveCfg = Release|Any CPU
		{7E486E2F-CB48-4E0F-8306-05116000B1D1}.Release|x86.Build.0 = Release|Any CPU
		{83A43E89-EC54-4637-8722-C5BB308605DC}.Debug|Any CPU.ActiveCfg = Debug|Any CPU
		{83A43E89-EC54-4637-8722-C5BB308605DC}.Debug|Any CPU.Build.0 = Debug|Any CPU
		{83A43E89-EC54-4637-8722-C5BB308605DC}.Debug|x64.ActiveCfg = Debug|Any CPU
		{83A43E89-EC54-4637-8722-C5BB308605DC}.Debug|x64.Build.0 = Debug|Any CPU
		{83A43E89-EC54-4637-8722-C5BB308605DC}.Debug|x86.ActiveCfg = Debug|Any CPU
		{83A43E89-EC54-4637-8722-C5BB308605DC}.Debug|x86.Build.0 = Debug|Any CPU
		{83A43E89-EC54-4637-8722-C5BB308605DC}.Release|Any CPU.ActiveCfg = Release|Any CPU
		{83A43E89-EC54-4637-8722-C5BB308605DC}.Release|Any CPU.Build.0 = Release|Any CPU
		{83A43E89-EC54-4637-8722-C5BB308605DC}.Release|x64.ActiveCfg = Release|Any CPU
		{83A43E89-EC54-4637-8722-C5BB308605DC}.Release|x64.Build.0 = Release|Any CPU
		{83A43E89-EC54-4637-8722-C5BB308605DC}.Release|x86.ActiveCfg = Release|Any CPU
		{83A43E89-EC54-4637-8722-C5BB308605DC}.Release|x86.Build.0 = Release|Any CPU
		{455CCEE5-BDF5-4D0A-8A16-301CF0E4D6FB}.Debug|Any CPU.ActiveCfg = Debug|Any CPU
		{455CCEE5-BDF5-4D0A-8A16-301CF0E4D6FB}.Debug|Any CPU.Build.0 = Debug|Any CPU
		{455CCEE5-BDF5-4D0A-8A16-301CF0E4D6FB}.Debug|x64.ActiveCfg = Debug|Any CPU
		{455CCEE5-BDF5-4D0A-8A16-301CF0E4D6FB}.Debug|x64.Build.0 = Debug|Any CPU
		{455CCEE5-BDF5-4D0A-8A16-301CF0E4D6FB}.Debug|x86.ActiveCfg = Debug|Any CPU
		{455CCEE5-BDF5-4D0A-8A16-301CF0E4D6FB}.Debug|x86.Build.0 = Debug|Any CPU
		{455CCEE5-BDF5-4D0A-8A16-301CF0E4D6FB}.Release|Any CPU.ActiveCfg = Release|Any CPU
		{455CCEE5-BDF5-4D0A-8A16-301CF0E4D6FB}.Release|Any CPU.Build.0 = Release|Any CPU
		{455CCEE5-BDF5-4D0A-8A16-301CF0E4D6FB}.Release|x64.ActiveCfg = Release|Any CPU
		{455CCEE5-BDF5-4D0A-8A16-301CF0E4D6FB}.Release|x64.Build.0 = Release|Any CPU
		{455CCEE5-BDF5-4D0A-8A16-301CF0E4D6FB}.Release|x86.ActiveCfg = Release|Any CPU
		{455CCEE5-BDF5-4D0A-8A16-301CF0E4D6FB}.Release|x86.Build.0 = Release|Any CPU
		{DC7888C4-C204-4EDA-AF01-2B2EAA32BFB9}.Debug|Any CPU.ActiveCfg = Debug|Any CPU
		{DC7888C4-C204-4EDA-AF01-2B2EAA32BFB9}.Debug|Any CPU.Build.0 = Debug|Any CPU
		{DC7888C4-C204-4EDA-AF01-2B2EAA32BFB9}.Debug|x64.ActiveCfg = Debug|Any CPU
		{DC7888C4-C204-4EDA-AF01-2B2EAA32BFB9}.Debug|x64.Build.0 = Debug|Any CPU
		{DC7888C4-C204-4EDA-AF01-2B2EAA32BFB9}.Debug|x86.ActiveCfg = Debug|Any CPU
		{DC7888C4-C204-4EDA-AF01-2B2EAA32BFB9}.Debug|x86.Build.0 = Debug|Any CPU
		{DC7888C4-C204-4EDA-AF01-2B2EAA32BFB9}.Release|Any CPU.ActiveCfg = Release|Any CPU
		{DC7888C4-C204-4EDA-AF01-2B2EAA32BFB9}.Release|Any CPU.Build.0 = Release|Any CPU
		{DC7888C4-C204-4EDA-AF01-2B2EAA32BFB9}.Release|x64.ActiveCfg = Release|Any CPU
		{DC7888C4-C204-4EDA-AF01-2B2EAA32BFB9}.Release|x64.Build.0 = Release|Any CPU
		{DC7888C4-C204-4EDA-AF01-2B2EAA32BFB9}.Release|x86.ActiveCfg = Release|Any CPU
		{DC7888C4-C204-4EDA-AF01-2B2EAA32BFB9}.Release|x86.Build.0 = Release|Any CPU
		{8F17B736-F4E8-45E9-BD4E-4E0FFEDD4AE8}.Debug|Any CPU.ActiveCfg = Debug|Any CPU
		{8F17B736-F4E8-45E9-BD4E-4E0FFEDD4AE8}.Debug|Any CPU.Build.0 = Debug|Any CPU
		{8F17B736-F4E8-45E9-BD4E-4E0FFEDD4AE8}.Debug|x64.ActiveCfg = Debug|Any CPU
		{8F17B736-F4E8-45E9-BD4E-4E0FFEDD4AE8}.Debug|x64.Build.0 = Debug|Any CPU
		{8F17B736-F4E8-45E9-BD4E-4E0FFEDD4AE8}.Debug|x86.ActiveCfg = Debug|Any CPU
		{8F17B736-F4E8-45E9-BD4E-4E0FFEDD4AE8}.Debug|x86.Build.0 = Debug|Any CPU
		{8F17B736-F4E8-45E9-BD4E-4E0FFEDD4AE8}.Release|Any CPU.ActiveCfg = Release|Any CPU
		{8F17B736-F4E8-45E9-BD4E-4E0FFEDD4AE8}.Release|Any CPU.Build.0 = Release|Any CPU
		{8F17B736-F4E8-45E9-BD4E-4E0FFEDD4AE8}.Release|x64.ActiveCfg = Release|Any CPU
		{8F17B736-F4E8-45E9-BD4E-4E0FFEDD4AE8}.Release|x64.Build.0 = Release|Any CPU
		{8F17B736-F4E8-45E9-BD4E-4E0FFEDD4AE8}.Release|x86.ActiveCfg = Release|Any CPU
		{8F17B736-F4E8-45E9-BD4E-4E0FFEDD4AE8}.Release|x86.Build.0 = Release|Any CPU
	EndGlobalSection
	GlobalSection(SolutionProperties) = preSolution
		HideSolutionNode = FALSE
	EndGlobalSection
	GlobalSection(NestedProjects) = preSolution
		{B58E40F5-814C-4FFE-9660-82144C485144} = {22BBDB4B-44B0-4F5B-92C9-4B43298C2817}
		{E203710C-DFBE-40CB-A32C-708E7015C784} = {B58E40F5-814C-4FFE-9660-82144C485144}
		{8FF14586-B341-48A8-B62C-10A0A2770212} = {E203710C-DFBE-40CB-A32C-708E7015C784}
		{46256257-8BB5-49BD-9E24-2D5EE8D8952E} = {22BBDB4B-44B0-4F5B-92C9-4B43298C2817}
		{E695E4E8-7733-41D4-9C24-066BC0113AF0} = {46256257-8BB5-49BD-9E24-2D5EE8D8952E}
		{08AC634C-C6FC-4B41-84B2-C0468FE65DF1} = {E695E4E8-7733-41D4-9C24-066BC0113AF0}
		{D9BF64FF-E3D6-4A38-B592-681801868A11} = {46256257-8BB5-49BD-9E24-2D5EE8D8952E}
		{8D678339-5FD1-407F-AB6A-7E7744AA1E6C} = {D9BF64FF-E3D6-4A38-B592-681801868A11}
		{DC5B94E8-D516-48F7-BCC1-77665CEADADF} = {22BBDB4B-44B0-4F5B-92C9-4B43298C2817}
		{F64AB79C-89CF-441D-B238-8588A894F074} = {DC5B94E8-D516-48F7-BCC1-77665CEADADF}
		{27943D1A-8929-49CA-B055-81E31E9DB3BF} = {F64AB79C-89CF-441D-B238-8588A894F074}
		{21DCB810-AC8A-4C0D-9D49-BCF45D330E49} = {F64AB79C-89CF-441D-B238-8588A894F074}
		{A0339EDB-519D-4C91-A561-4230F4B0B65A} = {46256257-8BB5-49BD-9E24-2D5EE8D8952E}
		{92BF1214-BD23-406C-970C-9EF7CB0BDEB3} = {A0339EDB-519D-4C91-A561-4230F4B0B65A}
		{ECCB6D4E-3AAC-429F-BC62-374B29C5D482} = {A0339EDB-519D-4C91-A561-4230F4B0B65A}
		{5CE7C917-9FEB-43FC-8A67-9662A8CBC843} = {A0339EDB-519D-4C91-A561-4230F4B0B65A}
		{0695C47A-017A-4F20-91C2-7B6647E0CF4D} = {A0339EDB-519D-4C91-A561-4230F4B0B65A}
		{9CED8B7A-8D61-473C-894C-33CAF95E0436} = {A0339EDB-519D-4C91-A561-4230F4B0B65A}
		{DC7DFFD6-D762-4A67-B167-7C5BF2706E5C} = {46256257-8BB5-49BD-9E24-2D5EE8D8952E}
		{4AA06579-1573-47E2-9E78-347F43B3C63E} = {DC7DFFD6-D762-4A67-B167-7C5BF2706E5C}
		{217D184A-3C06-444F-96E4-831620BC5B76} = {4AA06579-1573-47E2-9E78-347F43B3C63E}
		{11672377-9637-434F-A594-84177D18EE7E} = {4AA06579-1573-47E2-9E78-347F43B3C63E}
		{40AB78A1-5B5A-4010-A978-5374D19040E8} = {4AA06579-1573-47E2-9E78-347F43B3C63E}
		{7E486E2F-CB48-4E0F-8306-05116000B1D1} = {4AA06579-1573-47E2-9E78-347F43B3C63E}
		{83A43E89-EC54-4637-8722-C5BB308605DC} = {4AA06579-1573-47E2-9E78-347F43B3C63E}
		{B15ED0DF-17F6-4A6E-A406-65DA351261D3} = {46256257-8BB5-49BD-9E24-2D5EE8D8952E}
		{AB2C180D-9871-471D-ABB9-E661CC0199CF} = {B15ED0DF-17F6-4A6E-A406-65DA351261D3}
		{455CCEE5-BDF5-4D0A-8A16-301CF0E4D6FB} = {AB2C180D-9871-471D-ABB9-E661CC0199CF}
		{4636476E-A71C-4A21-BD94-658A25647F50} = {22BBDB4B-44B0-4F5B-92C9-4B43298C2817}
		{16ECF975-0BB0-41FA-A1A3-EF92659EE46A} = {4636476E-A71C-4A21-BD94-658A25647F50}
		{DC7888C4-C204-4EDA-AF01-2B2EAA32BFB9} = {16ECF975-0BB0-41FA-A1A3-EF92659EE46A}
		{8F17B736-F4E8-45E9-BD4E-4E0FFEDD4AE8} = {16ECF975-0BB0-41FA-A1A3-EF92659EE46A}
	EndGlobalSection
	GlobalSection(ExtensibilityGlobals) = postSolution
		SolutionGuid = {ABA9300A-601B-43F8-821C-6F018E682C4B}
	EndGlobalSection
EndGlobal
