
Microsoft Visual Studio Solution File, Format Version 12.00
# Visual Studio Version 16
VisualStudioVersion = 16.0.30804.86
MinimumVisualStudioVersion = 15.0.26124.0
Project("{2150E333-8FDC-42A3-9474-1A3956D46DE8}") = "src", "src", "{22BBDB4B-44B0-4F5B-92C9-4B43298C2817}"
EndProject
Project("{2150E333-8FDC-42A3-9474-1A3956D46DE8}") = "ApiGateways", "ApiGateways", "{B58E40F5-814C-4FFE-9660-82144C485144}"
EndProject
Project("{2150E333-8FDC-42A3-9474-1A3956D46DE8}") = "reverse-proxy", "reverse-proxy", "{E203710C-DFBE-40CB-A32C-708E7015C784}"
EndProject
Project("{9A19103F-16F7-4668-BE54-9A1E7A4F7556}") = "Webshopping", "src\ApiGateways\reverse-proxy\src\Webshopping\Webshopping.csproj", "{8FF14586-B341-48A8-B62C-10A0A2770212}"
EndProject
Project("{2150E333-8FDC-42A3-9474-1A3956D46DE8}") = "Services", "Services", "{46256257-8BB5-49BD-9E24-2D5EE8D8952E}"
EndProject
Project("{2150E333-8FDC-42A3-9474-1A3956D46DE8}") = "Identity", "Identity", "{E695E4E8-7733-41D4-9C24-066BC0113AF0}"
EndProject
Project("{FAE04EC0-301F-11D3-BF4B-00C04F79EFBC}") = "Identity.API", "src\Services\Identity\Identity.API\Identity.API.csproj", "{08AC634C-C6FC-4B41-84B2-C0468FE65DF1}"
EndProject
Project("{2150E333-8FDC-42A3-9474-1A3956D46DE8}") = "Catalog", "Catalog", "{D9BF64FF-E3D6-4A38-B592-681801868A11}"
EndProject
Project("{FAE04EC0-301F-11D3-BF4B-00C04F79EFBC}") = "Catalog.API", "src\Services\Catalog\Catalog.API\Catalog.API.csproj", "{8D678339-5FD1-407F-AB6A-7E7744AA1E6C}"
EndProject
Global
	GlobalSection(SolutionConfigurationPlatforms) = preSolution
		Debug|Any CPU = Debug|Any CPU
		Debug|x64 = Debug|x64
		Debug|x86 = Debug|x86
		Release|Any CPU = Release|Any CPU
		Release|x64 = Release|x64
		Release|x86 = Release|x86
	EndGlobalSection
	GlobalSection(ProjectConfigurationPlatforms) = postSolution
		{8FF14586-B341-48A8-B62C-10A0A2770212}.Debug|Any CPU.ActiveCfg = Debug|Any CPU
		{8FF14586-B341-48A8-B62C-10A0A2770212}.Debug|Any CPU.Build.0 = Debug|Any CPU
		{8FF14586-B341-48A8-B62C-10A0A2770212}.Debug|x64.ActiveCfg = Debug|Any CPU
		{8FF14586-B341-48A8-B62C-10A0A2770212}.Debug|x64.Build.0 = Debug|Any CPU
		{8FF14586-B341-48A8-B62C-10A0A2770212}.Debug|x86.ActiveCfg = Debug|Any CPU
		{8FF14586-B341-48A8-B62C-10A0A2770212}.Debug|x86.Build.0 = Debug|Any CPU
		{8FF14586-B341-48A8-B62C-10A0A2770212}.Release|Any CPU.ActiveCfg = Release|Any CPU
		{8FF14586-B341-48A8-B62C-10A0A2770212}.Release|Any CPU.Build.0 = Release|Any CPU
		{8FF14586-B341-48A8-B62C-10A0A2770212}.Release|x64.ActiveCfg = Release|Any CPU
		{8FF14586-B341-48A8-B62C-10A0A2770212}.Release|x64.Build.0 = Release|Any CPU
		{8FF14586-B341-48A8-B62C-10A0A2770212}.Release|x86.ActiveCfg = Release|Any CPU
		{8FF14586-B341-48A8-B62C-10A0A2770212}.Release|x86.Build.0 = Release|Any CPU
		{08AC634C-C6FC-4B41-84B2-C0468FE65DF1}.Debug|Any CPU.ActiveCfg = Debug|Any CPU
		{08AC634C-C6FC-4B41-84B2-C0468FE65DF1}.Debug|Any CPU.Build.0 = Debug|Any CPU
		{08AC634C-C6FC-4B41-84B2-C0468FE65DF1}.Debug|x64.ActiveCfg = Debug|Any CPU
		{08AC634C-C6FC-4B41-84B2-C0468FE65DF1}.Debug|x64.Build.0 = Debug|Any CPU
		{08AC634C-C6FC-4B41-84B2-C0468FE65DF1}.Debug|x86.ActiveCfg = Debug|Any CPU
		{08AC634C-C6FC-4B41-84B2-C0468FE65DF1}.Debug|x86.Build.0 = Debug|Any CPU
		{08AC634C-C6FC-4B41-84B2-C0468FE65DF1}.Release|Any CPU.ActiveCfg = Release|Any CPU
		{08AC634C-C6FC-4B41-84B2-C0468FE65DF1}.Release|Any CPU.Build.0 = Release|Any CPU
		{08AC634C-C6FC-4B41-84B2-C0468FE65DF1}.Release|x64.ActiveCfg = Release|Any CPU
		{08AC634C-C6FC-4B41-84B2-C0468FE65DF1}.Release|x64.Build.0 = Release|Any CPU
		{08AC634C-C6FC-4B41-84B2-C0468FE65DF1}.Release|x86.ActiveCfg = Release|Any CPU
		{08AC634C-C6FC-4B41-84B2-C0468FE65DF1}.Release|x86.Build.0 = Release|Any CPU
		{8D678339-5FD1-407F-AB6A-7E7744AA1E6C}.Debug|Any CPU.ActiveCfg = Debug|Any CPU
		{8D678339-5FD1-407F-AB6A-7E7744AA1E6C}.Debug|Any CPU.Build.0 = Debug|Any CPU
		{8D678339-5FD1-407F-AB6A-7E7744AA1E6C}.Debug|x64.ActiveCfg = Debug|Any CPU
		{8D678339-5FD1-407F-AB6A-7E7744AA1E6C}.Debug|x64.Build.0 = Debug|Any CPU
		{8D678339-5FD1-407F-AB6A-7E7744AA1E6C}.Debug|x86.ActiveCfg = Debug|Any CPU
		{8D678339-5FD1-407F-AB6A-7E7744AA1E6C}.Debug|x86.Build.0 = Debug|Any CPU
		{8D678339-5FD1-407F-AB6A-7E7744AA1E6C}.Release|Any CPU.ActiveCfg = Release|Any CPU
		{8D678339-5FD1-407F-AB6A-7E7744AA1E6C}.Release|Any CPU.Build.0 = Release|Any CPU
		{8D678339-5FD1-407F-AB6A-7E7744AA1E6C}.Release|x64.ActiveCfg = Release|Any CPU
		{8D678339-5FD1-407F-AB6A-7E7744AA1E6C}.Release|x64.Build.0 = Release|Any CPU
		{8D678339-5FD1-407F-AB6A-7E7744AA1E6C}.Release|x86.ActiveCfg = Release|Any CPU
		{8D678339-5FD1-407F-AB6A-7E7744AA1E6C}.Release|x86.Build.0 = Release|Any CPU
	EndGlobalSection
	GlobalSection(SolutionProperties) = preSolution
		HideSolutionNode = FALSE
	EndGlobalSection
	GlobalSection(NestedProjects) = preSolution
		{B58E40F5-814C-4FFE-9660-82144C485144} = {22BBDB4B-44B0-4F5B-92C9-4B43298C2817}
		{E203710C-DFBE-40CB-A32C-708E7015C784} = {B58E40F5-814C-4FFE-9660-82144C485144}
		{8FF14586-B341-48A8-B62C-10A0A2770212} = {E203710C-DFBE-40CB-A32C-708E7015C784}
		{46256257-8BB5-49BD-9E24-2D5EE8D8952E} = {22BBDB4B-44B0-4F5B-92C9-4B43298C2817}
		{E695E4E8-7733-41D4-9C24-066BC0113AF0} = {46256257-8BB5-49BD-9E24-2D5EE8D8952E}
		{08AC634C-C6FC-4B41-84B2-C0468FE65DF1} = {E695E4E8-7733-41D4-9C24-066BC0113AF0}
		{D9BF64FF-E3D6-4A38-B592-681801868A11} = {46256257-8BB5-49BD-9E24-2D5EE8D8952E}
		{8D678339-5FD1-407F-AB6A-7E7744AA1E6C} = {D9BF64FF-E3D6-4A38-B592-681801868A11}
	EndGlobalSection
	GlobalSection(ExtensibilityGlobals) = postSolution
		SolutionGuid = {ABA9300A-601B-43F8-821C-6F018E682C4B}
	EndGlobalSection
EndGlobal
